
Microsoft Visual Studio Solution File, Format Version 12.00
# Visual Studio Version 17
VisualStudioVersion = 17.4.33103.184
MinimumVisualStudioVersion = 10.0.40219.1
Project("{FAE04EC0-301F-11D3-BF4B-00C04F79EFBC}") = "Dieta.Model", "Dieta.Model\Dieta.Model.csproj", "{51999F2F-B333-452A-8C1E-79F3D60E05B1}"
EndProject
Project("{FAE04EC0-301F-11D3-BF4B-00C04F79EFBC}") = "Dieta.DAL", "Dieta.DAL\Dieta.DAL.csproj", "{71864F61-06DD-465B-876A-31FD3960058B}"
EndProject
Project("{FAE04EC0-301F-11D3-BF4B-00C04F79EFBC}") = "Dieta.BLL", "Dieta.BLL\Dieta.BLL.csproj", "{0AEEE41D-0A56-4A1A-93F0-0BC6F236BFF6}"
EndProject
Project("{FAE04EC0-301F-11D3-BF4B-00C04F79EFBC}") = "Dieta.UI", "Dieta.UI\Dieta.UI.csproj", "{0A7EAFD3-EFD0-47D8-9537-3D08A0895CDD}"
EndProject
Global
	GlobalSection(SolutionConfigurationPlatforms) = preSolution
		Debug|Any CPU = Debug|Any CPU
		Release|Any CPU = Release|Any CPU
	EndGlobalSection
	GlobalSection(ProjectConfigurationPlatforms) = postSolution
		{51999F2F-B333-452A-8C1E-79F3D60E05B1}.Debug|Any CPU.ActiveCfg = Debug|Any CPU
		{51999F2F-B333-452A-8C1E-79F3D60E05B1}.Debug|Any CPU.Build.0 = Debug|Any CPU
		{51999F2F-B333-452A-8C1E-79F3D60E05B1}.Release|Any CPU.ActiveCfg = Release|Any CPU
		{51999F2F-B333-452A-8C1E-79F3D60E05B1}.Release|Any CPU.Build.0 = Release|Any CPU
		{71864F61-06DD-465B-876A-31FD3960058B}.Debug|Any CPU.ActiveCfg = Debug|Any CPU
		{71864F61-06DD-465B-876A-31FD3960058B}.Debug|Any CPU.Build.0 = Debug|Any CPU
		{71864F61-06DD-465B-876A-31FD3960058B}.Release|Any CPU.ActiveCfg = Release|Any CPU
		{71864F61-06DD-465B-876A-31FD3960058B}.Release|Any CPU.Build.0 = Release|Any CPU
		{0AEEE41D-0A56-4A1A-93F0-0BC6F236BFF6}.Debug|Any CPU.ActiveCfg = Debug|Any CPU
		{0AEEE41D-0A56-4A1A-93F0-0BC6F236BFF6}.Debug|Any CPU.Build.0 = Debug|Any CPU
		{0AEEE41D-0A56-4A1A-93F0-0BC6F236BFF6}.Release|Any CPU.ActiveCfg = Release|Any CPU
		{0AEEE41D-0A56-4A1A-93F0-0BC6F236BFF6}.Release|Any CPU.Build.0 = Release|Any CPU
		{0A7EAFD3-EFD0-47D8-9537-3D08A0895CDD}.Debug|Any CPU.ActiveCfg = Debug|Any CPU
		{0A7EAFD3-EFD0-47D8-9537-3D08A0895CDD}.Debug|Any CPU.Build.0 = Debug|Any CPU
		{0A7EAFD3-EFD0-47D8-9537-3D08A0895CDD}.Release|Any CPU.ActiveCfg = Release|Any CPU
		{0A7EAFD3-EFD0-47D8-9537-3D08A0895CDD}.Release|Any CPU.Build.0 = Release|Any CPU
	EndGlobalSection
	GlobalSection(SolutionProperties) = preSolution
		HideSolutionNode = FALSE
	EndGlobalSection
	GlobalSection(ExtensibilityGlobals) = postSolution
		SolutionGuid = {E6F66480-EE15-4351-B5EE-B57EC767B54E}
	EndGlobalSection
EndGlobal
